
Microsoft Visual Studio Solution File, Format Version 12.00
# Visual Studio Version 17
VisualStudioVersion = 17.4.33213.308
MinimumVisualStudioVersion = 10.0.40219.1
Project("{FAE04EC0-301F-11D3-BF4B-00C04F79EFBC}") = "TimeManagementApp", "TimeManagementApp.csproj", "{901B6F45-68D4-4AED-96C2-E6D337018287}"
EndProject
Global
	GlobalSection(SolutionConfigurationPlatforms) = preSolution
		Debug|Any CPU = Debug|Any CPU
		Release|Any CPU = Release|Any CPU
	EndGlobalSection
	GlobalSection(ProjectConfigurationPlatforms) = postSolution
		{901B6F45-68D4-4AED-96C2-E6D337018287}.Debug|Any CPU.ActiveCfg = Debug|Any CPU
		{901B6F45-68D4-4AED-96C2-E6D337018287}.Debug|Any CPU.Build.0 = Debug|Any CPU
		{901B6F45-68D4-4AED-96C2-E6D337018287}.Release|Any CPU.ActiveCfg = Release|Any CPU
		{901B6F45-68D4-4AED-96C2-E6D337018287}.Release|Any CPU.Build.0 = Release|Any CPU
	EndGlobalSection
	GlobalSection(SolutionProperties) = preSolution
		HideSolutionNode = FALSE
	EndGlobalSection
	GlobalSection(ExtensibilityGlobals) = postSolution
		SolutionGuid = {C6585C2F-747D-482E-8226-EE7A9F448E39}
	EndGlobalSection
EndGlobal
